
Microsoft Visual Studio Solution File, Format Version 12.00
# Visual Studio Version 17
VisualStudioVersion = 17.0.31903.59
MinimumVisualStudioVersion = 10.0.40219.1
Project("{2150E333-8FDC-42A3-9474-1A3956D46DE8}") = "src", "src", "{827E0CD3-B72D-47B6-A68D-7590B98EB39B}"
EndProject
Project("{FAE04EC0-301F-11D3-BF4B-00C04F79EFBC}") = "HotelSearch.Domain", "src\HotelSearch.Domain\HotelSearch.Domain.csproj", "{ABC9AA85-50DE-422D-9FD7-388DE122C8E8}"
EndProject
Project("{FAE04EC0-301F-11D3-BF4B-00C04F79EFBC}") = "HotelSearch.Application", "src\HotelSearch.Application\HotelSearch.Application.csproj", "{CFB94C5E-5697-478A-BEED-2636780CCB91}"
EndProject
Project("{FAE04EC0-301F-11D3-BF4B-00C04F79EFBC}") = "HotelSearch.Infrastructure", "src\HotelSearch.Infrastructure\HotelSearch.Infrastructure.csproj", "{457772F6-818C-4D55-BF2E-BEF82C6E7318}"
EndProject
Project("{FAE04EC0-301F-11D3-BF4B-00C04F79EFBC}") = "HotelSearch.Api", "src\HotelSearch.Api\HotelSearch.Api.csproj", "{0AA9E409-45B4-4CA2-A215-59F5D3CAFADF}"
EndProject
Project("{2150E333-8FDC-42A3-9474-1A3956D46DE8}") = "tests", "tests", "{0AB3BF05-4346-4AA6-1389-037BE0695223}"
EndProject
Project("{FAE04EC0-301F-11D3-BF4B-00C04F79EFBC}") = "HotelSearch.Tests", "tests\HotelSearch.Tests\HotelSearch.Tests.csproj", "{27932872-C986-42F2-93FE-1B92DB9DA365}"
EndProject
Global
	GlobalSection(SolutionConfigurationPlatforms) = preSolution
		Debug|Any CPU = Debug|Any CPU
		Debug|x64 = Debug|x64
		Debug|x86 = Debug|x86
		Release|Any CPU = Release|Any CPU
		Release|x64 = Release|x64
		Release|x86 = Release|x86
	EndGlobalSection
	GlobalSection(ProjectConfigurationPlatforms) = postSolution
		{ABC9AA85-50DE-422D-9FD7-388DE122C8E8}.Debug|Any CPU.ActiveCfg = Debug|Any CPU
		{ABC9AA85-50DE-422D-9FD7-388DE122C8E8}.Debug|Any CPU.Build.0 = Debug|Any CPU
		{ABC9AA85-50DE-422D-9FD7-388DE122C8E8}.Debug|x64.ActiveCfg = Debug|Any CPU
		{ABC9AA85-50DE-422D-9FD7-388DE122C8E8}.Debug|x64.Build.0 = Debug|Any CPU
		{ABC9AA85-50DE-422D-9FD7-388DE122C8E8}.Debug|x86.ActiveCfg = Debug|Any CPU
		{ABC9AA85-50DE-422D-9FD7-388DE122C8E8}.Debug|x86.Build.0 = Debug|Any CPU
		{ABC9AA85-50DE-422D-9FD7-388DE122C8E8}.Release|Any CPU.ActiveCfg = Release|Any CPU
		{ABC9AA85-50DE-422D-9FD7-388DE122C8E8}.Release|Any CPU.Build.0 = Release|Any CPU
		{ABC9AA85-50DE-422D-9FD7-388DE122C8E8}.Release|x64.ActiveCfg = Release|Any CPU
		{ABC9AA85-50DE-422D-9FD7-388DE122C8E8}.Release|x64.Build.0 = Release|Any CPU
		{ABC9AA85-50DE-422D-9FD7-388DE122C8E8}.Release|x86.ActiveCfg = Release|Any CPU
		{ABC9AA85-50DE-422D-9FD7-388DE122C8E8}.Release|x86.Build.0 = Release|Any CPU
		{CFB94C5E-5697-478A-BEED-2636780CCB91}.Debug|Any CPU.ActiveCfg = Debug|Any CPU
		{CFB94C5E-5697-478A-BEED-2636780CCB91}.Debug|Any CPU.Build.0 = Debug|Any CPU
		{CFB94C5E-5697-478A-BEED-2636780CCB91}.Debug|x64.ActiveCfg = Debug|Any CPU
		{CFB94C5E-5697-478A-BEED-2636780CCB91}.Debug|x64.Build.0 = Debug|Any CPU
		{CFB94C5E-5697-478A-BEED-2636780CCB91}.Debug|x86.ActiveCfg = Debug|Any CPU
		{CFB94C5E-5697-478A-BEED-2636780CCB91}.Debug|x86.Build.0 = Debug|Any CPU
		{CFB94C5E-5697-478A-BEED-2636780CCB91}.Release|Any CPU.ActiveCfg = Release|Any CPU
		{CFB94C5E-5697-478A-BEED-2636780CCB91}.Release|Any CPU.Build.0 = Release|Any CPU
		{CFB94C5E-5697-478A-BEED-2636780CCB91}.Release|x64.ActiveCfg = Release|Any CPU
		{CFB94C5E-5697-478A-BEED-2636780CCB91}.Release|x64.Build.0 = Release|Any CPU
		{CFB94C5E-5697-478A-BEED-2636780CCB91}.Release|x86.ActiveCfg = Release|Any CPU
		{CFB94C5E-5697-478A-BEED-2636780CCB91}.Release|x86.Build.0 = Release|Any CPU
		{457772F6-818C-4D55-BF2E-BEF82C6E7318}.Debug|Any CPU.ActiveCfg = Debug|Any CPU
		{457772F6-818C-4D55-BF2E-BEF82C6E7318}.Debug|Any CPU.Build.0 = Debug|Any CPU
		{457772F6-818C-4D55-BF2E-BEF82C6E7318}.Debug|x64.ActiveCfg = Debug|Any CPU
		{457772F6-818C-4D55-BF2E-BEF82C6E7318}.Debug|x64.Build.0 = Debug|Any CPU
		{457772F6-818C-4D55-BF2E-BEF82C6E7318}.Debug|x86.ActiveCfg = Debug|Any CPU
		{457772F6-818C-4D55-BF2E-BEF82C6E7318}.Debug|x86.Build.0 = Debug|Any CPU
		{457772F6-818C-4D55-BF2E-BEF82C6E7318}.Release|Any CPU.ActiveCfg = Release|Any CPU
		{457772F6-818C-4D55-BF2E-BEF82C6E7318}.Release|Any CPU.Build.0 = Release|Any CPU
		{457772F6-818C-4D55-BF2E-BEF82C6E7318}.Release|x64.ActiveCfg = Release|Any CPU
		{457772F6-818C-4D55-BF2E-BEF82C6E7318}.Release|x64.Build.0 = Release|Any CPU
		{457772F6-818C-4D55-BF2E-BEF82C6E7318}.Release|x86.ActiveCfg = Release|Any CPU
		{457772F6-818C-4D55-BF2E-BEF82C6E7318}.Release|x86.Build.0 = Release|Any CPU
		{0AA9E409-45B4-4CA2-A215-59F5D3CAFADF}.Debug|Any CPU.ActiveCfg = Debug|Any CPU
		{0AA9E409-45B4-4CA2-A215-59F5D3CAFADF}.Debug|Any CPU.Build.0 = Debug|Any CPU
		{0AA9E409-45B4-4CA2-A215-59F5D3CAFADF}.Debug|x64.ActiveCfg = Debug|Any CPU
		{0AA9E409-45B4-4CA2-A215-59F5D3CAFADF}.Debug|x64.Build.0 = Debug|Any CPU
		{0AA9E409-45B4-4CA2-A215-59F5D3CAFADF}.Debug|x86.ActiveCfg = Debug|Any CPU
		{0AA9E409-45B4-4CA2-A215-59F5D3CAFADF}.Debug|x86.Build.0 = Debug|Any CPU
		{0AA9E409-45B4-4CA2-A215-59F5D3CAFADF}.Release|Any CPU.ActiveCfg = Release|Any CPU
		{0AA9E409-45B4-4CA2-A215-59F5D3CAFADF}.Release|Any CPU.Build.0 = Release|Any CPU
		{0AA9E409-45B4-4CA2-A215-59F5D3CAFADF}.Release|x64.ActiveCfg = Release|Any CPU
		{0AA9E409-45B4-4CA2-A215-59F5D3CAFADF}.Release|x64.Build.0 = Release|Any CPU
		{0AA9E409-45B4-4CA2-A215-59F5D3CAFADF}.Release|x86.ActiveCfg = Release|Any CPU
		{0AA9E409-45B4-4CA2-A215-59F5D3CAFADF}.Release|x86.Build.0 = Release|Any CPU
		{27932872-C986-42F2-93FE-1B92DB9DA365}.Debug|Any CPU.ActiveCfg = Debug|Any CPU
		{27932872-C986-42F2-93FE-1B92DB9DA365}.Debug|Any CPU.Build.0 = Debug|Any CPU
		{27932872-C986-42F2-93FE-1B92DB9DA365}.Debug|x64.ActiveCfg = Debug|Any CPU
		{27932872-C986-42F2-93FE-1B92DB9DA365}.Debug|x64.Build.0 = Debug|Any CPU
		{27932872-C986-42F2-93FE-1B92DB9DA365}.Debug|x86.ActiveCfg = Debug|Any CPU
		{27932872-C986-42F2-93FE-1B92DB9DA365}.Debug|x86.Build.0 = Debug|Any CPU
		{27932872-C986-42F2-93FE-1B92DB9DA365}.Release|Any CPU.ActiveCfg = Release|Any CPU
		{27932872-C986-42F2-93FE-1B92DB9DA365}.Release|Any CPU.Build.0 = Release|Any CPU
		{27932872-C986-42F2-93FE-1B92DB9DA365}.Release|x64.ActiveCfg = Release|Any CPU
		{27932872-C986-42F2-93FE-1B92DB9DA365}.Release|x64.Build.0 = Release|Any CPU
		{27932872-C986-42F2-93FE-1B92DB9DA365}.Release|x86.ActiveCfg = Release|Any CPU
		{27932872-C986-42F2-93FE-1B92DB9DA365}.Release|x86.Build.0 = Release|Any CPU
	EndGlobalSection
	GlobalSection(SolutionProperties) = preSolution
		HideSolutionNode = FALSE
	EndGlobalSection
	GlobalSection(NestedProjects) = preSolution
		{ABC9AA85-50DE-422D-9FD7-388DE122C8E8} = {827E0CD3-B72D-47B6-A68D-7590B98EB39B}
		{CFB94C5E-5697-478A-BEED-2636780CCB91} = {827E0CD3-B72D-47B6-A68D-7590B98EB39B}
		{457772F6-818C-4D55-BF2E-BEF82C6E7318} = {827E0CD3-B72D-47B6-A68D-7590B98EB39B}
		{0AA9E409-45B4-4CA2-A215-59F5D3CAFADF} = {827E0CD3-B72D-47B6-A68D-7590B98EB39B}
		{27932872-C986-42F2-93FE-1B92DB9DA365} = {0AB3BF05-4346-4AA6-1389-037BE0695223}
	EndGlobalSection
EndGlobal
